
Microsoft Visual Studio Solution File, Format Version 12.00
# Visual Studio Version 17
VisualStudioVersion = 17.6.33815.320
MinimumVisualStudioVersion = 10.0.40219.1
Project("{FAE04EC0-301F-11D3-BF4B-00C04F79EFBC}") = "e-commerce", "e-commerce\e-commerce.csproj", "{1519590C-29FD-4929-BFDE-15E125F74546}"
EndProject
Global
	GlobalSection(SolutionConfigurationPlatforms) = preSolution
		Debug|Any CPU = Debug|Any CPU
		Release|Any CPU = Release|Any CPU
	EndGlobalSection
	GlobalSection(ProjectConfigurationPlatforms) = postSolution
		{1519590C-29FD-4929-BFDE-15E125F74546}.Debug|Any CPU.ActiveCfg = Debug|Any CPU
		{1519590C-29FD-4929-BFDE-15E125F74546}.Debug|Any CPU.Build.0 = Debug|Any CPU
		{1519590C-29FD-4929-BFDE-15E125F74546}.Release|Any CPU.ActiveCfg = Release|Any CPU
		{1519590C-29FD-4929-BFDE-15E125F74546}.Release|Any CPU.Build.0 = Release|Any CPU
	EndGlobalSection
	GlobalSection(SolutionProperties) = preSolution
		HideSolutionNode = FALSE
	EndGlobalSection
	GlobalSection(ExtensibilityGlobals) = postSolution
		SolutionGuid = {630B28E3-AFEB-4FB4-B975-04C8318D7320}
	EndGlobalSection
EndGlobal
